{
  "requires": true,
  "lockfileVersion": 1,
  "dependencies": {
    "alpinejs": {
      "version": "2.6.0",
      "resolved": "https://registry.npmjs.org/alpinejs/-/alpinejs-2.6.0.tgz",
      "integrity": "sha512-4cW3zU17JIYzq6uS3asozwKIMVe5A7wrIfn3o0SNsH1YZ4D3cR2Cs+YThvf4dU3/O7EBzExBY4Dhd8LjtCnEqA=="
    }
  }
}
